{
  "name": "orbitwork-workspace",
  "version": "1.0.0",
  "lockfileVersion": 3,
  "requires": true,
  "packages": {
    "": {
      "name": "orbitwork-workspace",
      "version": "1.0.0",
      "devDependencies": {
        "opencode-ai": "latest"
      }
    },
    "node_modules/opencode-ai": {
      "version": "1.14.46",
      "resolved": "https://registry.npmjs.org/opencode-ai/-/opencode-ai-1.14.46.tgz",
      "integrity": "sha512-BX3xG3B/t85LpaVEZilbszOfP5aXc4C9e8oRBLX3rPsnnPXweKQZYfz9pn8/kfOz+8rOYuXGrBpJ86UxH/Le+Q==",
      "dev": true,
      "hasInstallScript": true,
      "license": "MIT",
      "bin": {
        "opencode": "bin/opencode"
      },
      "optionalDependencies": {
        "opencode-darwin-arm64": "1.14.46",
        "opencode-darwin-x64": "1.14.46",
        "opencode-darwin-x64-baseline": "1.14.46",
        "opencode-linux-arm64": "1.14.46",
        "opencode-linux-arm64-musl": "1.14.46",
        "opencode-linux-x64": "1.14.46",
        "opencode-linux-x64-baseline": "1.14.46",
        "opencode-linux-x64-baseline-musl": "1.14.46",
        "opencode-linux-x64-musl": "1.14.46",
        "opencode-windows-arm64": "1.14.46",
        "opencode-windows-x64": "1.14.46",
        "opencode-windows-x64-baseline": "1.14.46"
      }
    },
    "node_modules/opencode-darwin-arm64": {
      "version": "1.14.46",
      "resolved": "https://registry.npmjs.org/opencode-darwin-arm64/-/opencode-darwin-arm64-1.14.46.tgz",
      "integrity": "sha512-KFUZxvEjYHz4cecbbHKJ3utc61iq4GYPjGDEM/GZ9x885FV0xQwhjQXVSQgd1gy/bj/3tFWzVLho3GC6Ogy03A==",
      "cpu": [
        "arm64"
      ],
      "dev": true,
      "optional": true,
      "os": [
        "darwin"
      ]
    },
    "node_modules/opencode-darwin-x64": {
      "version": "1.14.46",
      "resolved": "https://registry.npmjs.org/opencode-darwin-x64/-/opencode-darwin-x64-1.14.46.tgz",
      "integrity": "sha512-+cC9EoVeoU2yLWIq7835QQginkTE8S7rrjMRJk543ZZ+S0yHsrnhEQVkgqhX+Yzncb8Subt2wISF7yROAzq7zA==",
      "cpu": [
        "x64"
      ],
      "dev": true,
      "optional": true,
      "os": [
        "darwin"
      ]
    },
    "node_modules/opencode-darwin-x64-baseline": {
      "version": "1.14.46",
      "resolved": "https://registry.npmjs.org/opencode-darwin-x64-baseline/-/opencode-darwin-x64-baseline-1.14.46.tgz",
      "integrity": "sha512-3OZgCnPZZ19fI1Ju0EHTM7kHPIwadD58OBFSLhCAdJLH00OGRpbpoqxy24gbCm9LnompFjp2DnEQ+KA6+RFIeQ==",
      "cpu": [
        "x64"
      ],
      "dev": true,
      "optional": true,
      "os": [
        "darwin"
      ]
    },
    "node_modules/opencode-linux-arm64": {
      "version": "1.14.46",
      "resolved": "https://registry.npmjs.org/opencode-linux-arm64/-/opencode-linux-arm64-1.14.46.tgz",
      "integrity": "sha512-gahGbcQNJ6CAXWeG06wW/U2S+GB2ccmhvp4bAXDZeRm6Liw7M4NzOZX9H7sboTGtcYTnVouBPvoKPaX59qv9rA==",
      "cpu": [
        "arm64"
      ],
      "dev": true,
      "optional": true,
      "os": [
        "linux"
      ]
    },
    "node_modules/opencode-linux-arm64-musl": {
      "version": "1.14.46",
      "resolved": "https://registry.npmjs.org/opencode-linux-arm64-musl/-/opencode-linux-arm64-musl-1.14.46.tgz",
      "integrity": "sha512-2DmmX4WuqrKdEo/rxK/ARA39fCecco53F0/v8t7gk+njbe5fWrKYrfbtL3OaGr8LUsQolny5O05I0tjBsGcTUQ==",
      "cpu": [
        "arm64"
      ],
      "dev": true,
      "optional": true,
      "os": [
        "linux"
      ]
    },
    "node_modules/opencode-linux-x64": {
      "version": "1.14.46",
      "resolved": "https://registry.npmjs.org/opencode-linux-x64/-/opencode-linux-x64-1.14.46.tgz",
      "integrity": "sha512-qxFHxbyP3dCFX6vibX71JfVntEbzE7rSMmot6EwbdDB0vq+tcahFEZ+/KVC7qV3zL3ZbDAMsx8OiZknI7Cscmw==",
      "cpu": [
        "x64"
      ],
      "dev": true,
      "optional": true,
      "os": [
        "linux"
      ]
    },
    "node_modules/opencode-linux-x64-baseline": {
      "version": "1.14.46",
      "resolved": "https://registry.npmjs.org/opencode-linux-x64-baseline/-/opencode-linux-x64-baseline-1.14.46.tgz",
      "integrity": "sha512-oq6Px+0epCwk2nZn54EUDtxccGb9JlSnF1stAm4oKUeKg/G76hGEbCgg4x3TNiIrpA8QnS9grRlh1oFYIl/efg==",
      "cpu": [
        "x64"
      ],
      "dev": true,
      "optional": true,
      "os": [
        "linux"
      ]
    },
    "node_modules/opencode-linux-x64-baseline-musl": {
      "version": "1.14.46",
      "resolved": "https://registry.npmjs.org/opencode-linux-x64-baseline-musl/-/opencode-linux-x64-baseline-musl-1.14.46.tgz",
      "integrity": "sha512-lMJiPsb8b+aGjqXdAmfu9f5HyTAS6Cfk8O1GieZFu06pi8kO9oiJ6wPyQwwL8IM6J2ssNF4PxloHgqeNQI7kEg==",
      "cpu": [
        "x64"
      ],
      "dev": true,
      "optional": true,
      "os": [
        "linux"
      ]
    },
    "node_modules/opencode-linux-x64-musl": {
      "version": "1.14.46",
      "resolved": "https://registry.npmjs.org/opencode-linux-x64-musl/-/opencode-linux-x64-musl-1.14.46.tgz",
      "integrity": "sha512-rUmQHsrlIWcLBmefiom71DWhRzQ0oSqjgvF2Xvg5ySs0GKklRzMB/HcS2ccIydqv02ImL94FbqVVXSZ2lnw4IQ==",
      "cpu": [
        "x64"
      ],
      "dev": true,
      "optional": true,
      "os": [
        "linux"
      ]
    },
    "node_modules/opencode-windows-arm64": {
      "version": "1.14.46",
      "resolved": "https://registry.npmjs.org/opencode-windows-arm64/-/opencode-windows-arm64-1.14.46.tgz",
      "integrity": "sha512-SmeKzxFNiiF9s9l0lj1CxIZesE+m0VvBX5GuW5CHAlVqNLjmQeW3X8qhHmXelvm9ujGxAudjmXBUlZTkBkH9FQ==",
      "cpu": [
        "arm64"
      ],
      "dev": true,
      "optional": true,
      "os": [
        "win32"
      ]
    },
    "node_modules/opencode-windows-x64": {
      "version": "1.14.46",
      "resolved": "https://registry.npmjs.org/opencode-windows-x64/-/opencode-windows-x64-1.14.46.tgz",
      "integrity": "sha512-m9LPvvNV9UvgYc5AbzR+hBBD2wPx+bitjbBTXNx/7s+WE/5DhlaHsxVQPePrA9bZ8XAO0EndRnDjvCrLLrkxWA==",
      "cpu": [
        "x64"
      ],
      "dev": true,
      "optional": true,
      "os": [
        "win32"
      ]
    },
    "node_modules/opencode-windows-x64-baseline": {
      "version": "1.14.46",
      "resolved": "https://registry.npmjs.org/opencode-windows-x64-baseline/-/opencode-windows-x64-baseline-1.14.46.tgz",
      "integrity": "sha512-6rehvrK+KCqUUKBKFnjpk6YchpiH3TNJdOYTmg+QcRirynyhNjs83F7h29vr+WbSnImMCPYFeRfBAf51yLiAmQ==",
      "cpu": [
        "x64"
      ],
      "dev": true,
      "optional": true,
      "os": [
        "win32"
      ]
    }
  }
}
